
Microsoft Visual Studio Solution File, Format Version 12.00
# Visual Studio Version 17
VisualStudioVersion = 17.6.33815.320
MinimumVisualStudioVersion = 10.0.40219.1
Project("{FAE04EC0-301F-11D3-BF4B-00C04F79EFBC}") = "Vorti-Oh", "Vorti-Oh.csproj", "{E8D71310-3222-47D1-9D6B-4C89779A6284}"
EndProject
Global
	GlobalSection(SolutionConfigurationPlatforms) = preSolution
		Debug|Any CPU = Debug|Any CPU
		Release|Any CPU = Release|Any CPU
	EndGlobalSection
	GlobalSection(ProjectConfigurationPlatforms) = postSolution
		{E8D71310-3222-47D1-9D6B-4C89779A6284}.Debug|Any CPU.ActiveCfg = Debug|Any CPU
		{E8D71310-3222-47D1-9D6B-4C89779A6284}.Debug|Any CPU.Build.0 = Debug|Any CPU
		{E8D71310-3222-47D1-9D6B-4C89779A6284}.Release|Any CPU.ActiveCfg = Release|Any CPU
		{E8D71310-3222-47D1-9D6B-4C89779A6284}.Release|Any CPU.Build.0 = Release|Any CPU
	EndGlobalSection
	GlobalSection(SolutionProperties) = preSolution
		HideSolutionNode = FALSE
	EndGlobalSection
	GlobalSection(ExtensibilityGlobals) = postSolution
		SolutionGuid = {DCF81BBD-F487-48F9-8139-41EA4A619C23}
	EndGlobalSection
EndGlobal
